{
  "version": 4,
  "terraform_version": "1.2.2",
  "serial": 415,
  "lineage": "61492795-df39-b056-c250-db944038402b",
  "outputs": {},
  "resources": [
    {
      "mode": "managed",
      "type": "azurerm_application_security_group",
      "name": "caso2asg",
      "provider": "provider[\"registry.terraform.io/hashicorp/azurerm\"]",
      "instances": [
        {
          "schema_version": 0,
          "attributes": {
            "id": "/subscriptions/2e40fdd6-52a1-4e7e-9f69-71600c6f7d90/resourceGroups/casoPractico2/providers/Microsoft.Network/applicationSecurityGroups/caso2ASG",
            "location": "uksouth",
            "name": "caso2ASG",
            "resource_group_name": "casoPractico2",
            "tags": null,
            "timeouts": null
          },
          "sensitive_attributes": [],
          "private": "eyJlMmJmYjczMC1lY2FhLTExZTYtOGY4OC0zNDM2M2JjN2M0YzAiOnsiY3JlYXRlIjoxODAwMDAwMDAwMDAwLCJkZWxldGUiOjE4MDAwMDAwMDAwMDAsInJlYWQiOjMwMDAwMDAwMDAwMCwidXBkYXRlIjoxODAwMDAwMDAwMDAwfX0=",
          "dependencies": [
            "azurerm_resource_group.rg"
          ]
        }
      ]
    },
    {
      "mode": "managed",
      "type": "azurerm_linux_virtual_machine",
      "name": "kubernetesMaster",
      "provider": "provider[\"registry.terraform.io/hashicorp/azurerm\"]",
      "instances": [
        {
          "schema_version": 0,
          "attributes": {
            "additional_capabilities": [],
            "admin_password": "P@assword01",
            "admin_ssh_key": [
              {
                "public_key": "ssh-rsa AAAAB3NzaC1yc2EAAAADAQABAAABAQC407KQOYQ0lzpRxw33smrlSXEg9lkwCtYPgVGM/8/j+mRjV8B6D4rC5htAbVL4Dkp6R/CR90yFBKZqr9WeLnKsm82TnvP34adry7BWmt80XA88UckKmPU1nmtkf0/bk7vQw03bABMM2lLG5MaFgUn1B4D5pd1KlGXLawiNSQJ2R3enqDlEUcJnJ8XW+7tPi2xc0mw1WXl4zCU41oEdBFOw+/qs7+7zrzPvShss/b5tBDGKS+t0fQQsB8WLhdsKoGmCONr78ShTKefB6L/s4Jfq3C0bM8KQPUFVIzGD/m72wjJyEzfU6gMAqTrQM1s00JVXsROwRcjyQ1ujV5Pk5Y1n rotten@DESKTOP-UBCCKR4",
                "username": "adminuser"
              }
            ],
            "admin_username": "adminuser",
            "allow_extension_operations": true,
            "availability_set_id": "",
            "boot_diagnostics": [],
            "computer_name": "kubeMaster",
            "custom_data": null,
            "dedicated_host_group_id": "",
            "dedicated_host_id": "",
            "disable_password_authentication": false,
            "edge_zone": "",
            "encryption_at_host_enabled": false,
            "eviction_policy": "",
            "extensions_time_budget": "PT1H30M",
            "id": "/subscriptions/2e40fdd6-52a1-4e7e-9f69-71600c6f7d90/resourceGroups/casoPractico2/providers/Microsoft.Compute/virtualMachines/kubeMaster",
            "identity": [],
            "license_type": "",
            "location": "uksouth",
            "max_bid_price": -1,
            "name": "kubeMaster",
            "network_interface_ids": [
              "/subscriptions/2e40fdd6-52a1-4e7e-9f69-71600c6f7d90/resourceGroups/casoPractico2/providers/Microsoft.Network/networkInterfaces/masterNIC"
            ],
            "os_disk": [
              {
                "caching": "ReadWrite",
                "diff_disk_settings": [],
                "disk_encryption_set_id": "",
                "disk_size_gb": 30,
                "name": "MasterDisk",
                "secure_vm_disk_encryption_set_id": "",
                "security_encryption_type": "",
                "storage_account_type": "Standard_LRS",
                "write_accelerator_enabled": false
              }
            ],
            "patch_mode": "ImageDefault",
            "plan": [
              {
                "name": "centos-8-stream-free",
                "product": "centos-8-stream-free",
                "publisher": "cognosys"
              }
            ],
            "platform_fault_domain": -1,
            "priority": "Regular",
            "private_ip_address": "10.0.1.30",
            "private_ip_addresses": [
              "10.0.1.30"
            ],
            "provision_vm_agent": true,
            "proximity_placement_group_id": "",
            "public_ip_address": "20.90.79.60",
            "public_ip_addresses": [
              "20.90.79.60"
            ],
            "resource_group_name": "casoPractico2",
            "secret": [],
            "secure_boot_enabled": false,
            "size": "Standard_B2s",
            "source_image_id": "",
            "source_image_reference": [
              {
                "offer": "centos-8-stream-free",
                "publisher": "cognosys",
                "sku": "centos-8-stream-free",
                "version": "22.03.28"
              }
            ],
            "tags": null,
            "termination_notification": null,
            "timeouts": null,
            "user_data": "",
            "virtual_machine_id": "ade4eae0-ed38-4a51-acf8-4fdfd81b60c6",
            "virtual_machine_scale_set_id": "",
            "vtpm_enabled": false,
            "zone": ""
          },
          "sensitive_attributes": [],
          "private": "eyJlMmJmYjczMC1lY2FhLTExZTYtOGY4OC0zNDM2M2JjN2M0YzAiOnsiY3JlYXRlIjoyNzAwMDAwMDAwMDAwLCJkZWxldGUiOjI3MDAwMDAwMDAwMDAsInJlYWQiOjMwMDAwMDAwMDAwMCwidXBkYXRlIjoyNzAwMDAwMDAwMDAwfX0=",
          "dependencies": [
            "azurerm_network_interface.masternic",
            "azurerm_public_ip.masterPublicIp",
            "azurerm_resource_group.rg",
            "azurerm_subnet.subnet",
            "azurerm_virtual_network.serviceNet"
          ]
        }
      ]
    },
    {
      "mode": "managed",
      "type": "azurerm_linux_virtual_machine",
      "name": "kubernetesNode1",
      "provider": "provider[\"registry.terraform.io/hashicorp/azurerm\"]",
      "instances": [
        {
          "schema_version": 0,
          "attributes": {
            "additional_capabilities": [],
            "admin_password": "P@assword01",
            "admin_ssh_key": [
              {
                "public_key": "ssh-rsa AAAAB3NzaC1yc2EAAAADAQABAAABAQC407KQOYQ0lzpRxw33smrlSXEg9lkwCtYPgVGM/8/j+mRjV8B6D4rC5htAbVL4Dkp6R/CR90yFBKZqr9WeLnKsm82TnvP34adry7BWmt80XA88UckKmPU1nmtkf0/bk7vQw03bABMM2lLG5MaFgUn1B4D5pd1KlGXLawiNSQJ2R3enqDlEUcJnJ8XW+7tPi2xc0mw1WXl4zCU41oEdBFOw+/qs7+7zrzPvShss/b5tBDGKS+t0fQQsB8WLhdsKoGmCONr78ShTKefB6L/s4Jfq3C0bM8KQPUFVIzGD/m72wjJyEzfU6gMAqTrQM1s00JVXsROwRcjyQ1ujV5Pk5Y1n rotten@DESKTOP-UBCCKR4",
                "username": "adminuser"
              }
            ],
            "admin_username": "adminuser",
            "allow_extension_operations": true,
            "availability_set_id": "",
            "boot_diagnostics": [],
            "computer_name": "kubeNode1",
            "custom_data": null,
            "dedicated_host_group_id": "",
            "dedicated_host_id": "",
            "disable_password_authentication": false,
            "edge_zone": "",
            "encryption_at_host_enabled": false,
            "eviction_policy": "",
            "extensions_time_budget": "PT1H30M",
            "id": "/subscriptions/2e40fdd6-52a1-4e7e-9f69-71600c6f7d90/resourceGroups/casoPractico2/providers/Microsoft.Compute/virtualMachines/kubeNode1",
            "identity": [],
            "license_type": "",
            "location": "uksouth",
            "max_bid_price": -1,
            "name": "kubeNode1",
            "network_interface_ids": [
              "/subscriptions/2e40fdd6-52a1-4e7e-9f69-71600c6f7d90/resourceGroups/casoPractico2/providers/Microsoft.Network/networkInterfaces/nodeNic"
            ],
            "os_disk": [
              {
                "caching": "ReadWrite",
                "diff_disk_settings": [],
                "disk_encryption_set_id": "",
                "disk_size_gb": 30,
                "name": "Node1Disk",
                "secure_vm_disk_encryption_set_id": "",
                "security_encryption_type": "",
                "storage_account_type": "Standard_LRS",
                "write_accelerator_enabled": false
              }
            ],
            "patch_mode": "ImageDefault",
            "plan": [
              {
                "name": "centos-8-stream-free",
                "product": "centos-8-stream-free",
                "publisher": "cognosys"
              }
            ],
            "platform_fault_domain": -1,
            "priority": "Regular",
            "private_ip_address": "10.0.1.40",
            "private_ip_addresses": [
              "10.0.1.40"
            ],
            "provision_vm_agent": true,
            "proximity_placement_group_id": "",
            "public_ip_address": "20.26.193.65",
            "public_ip_addresses": [
              "20.26.193.65"
            ],
            "resource_group_name": "casoPractico2",
            "secret": [],
            "secure_boot_enabled": false,
            "size": "Standard_F2s_v2",
            "source_image_id": "",
            "source_image_reference": [
              {
                "offer": "centos-8-stream-free",
                "publisher": "cognosys",
                "sku": "centos-8-stream-free",
                "version": "22.03.28"
              }
            ],
            "tags": null,
            "termination_notification": null,
            "timeouts": null,
            "user_data": "",
            "virtual_machine_id": "3c7c094b-1a72-491a-8540-1f0a500ff750",
            "virtual_machine_scale_set_id": "",
            "vtpm_enabled": false,
            "zone": ""
          },
          "sensitive_attributes": [],
          "private": "eyJlMmJmYjczMC1lY2FhLTExZTYtOGY4OC0zNDM2M2JjN2M0YzAiOnsiY3JlYXRlIjoyNzAwMDAwMDAwMDAwLCJkZWxldGUiOjI3MDAwMDAwMDAwMDAsInJlYWQiOjMwMDAwMDAwMDAwMCwidXBkYXRlIjoyNzAwMDAwMDAwMDAwfX0=",
          "dependencies": [
            "azurerm_network_interface.nodenic",
            "azurerm_public_ip.nodePublicIp",
            "azurerm_resource_group.rg",
            "azurerm_subnet.subnet",
            "azurerm_virtual_network.serviceNet"
          ]
        }
      ]
    },
    {
      "mode": "managed",
      "type": "azurerm_linux_virtual_machine",
      "name": "nfsServer",
      "provider": "provider[\"registry.terraform.io/hashicorp/azurerm\"]",
      "instances": [
        {
          "schema_version": 0,
          "attributes": {
            "additional_capabilities": [],
            "admin_password": "P@assword01",
            "admin_ssh_key": [
              {
                "public_key": "ssh-rsa AAAAB3NzaC1yc2EAAAADAQABAAABAQC407KQOYQ0lzpRxw33smrlSXEg9lkwCtYPgVGM/8/j+mRjV8B6D4rC5htAbVL4Dkp6R/CR90yFBKZqr9WeLnKsm82TnvP34adry7BWmt80XA88UckKmPU1nmtkf0/bk7vQw03bABMM2lLG5MaFgUn1B4D5pd1KlGXLawiNSQJ2R3enqDlEUcJnJ8XW+7tPi2xc0mw1WXl4zCU41oEdBFOw+/qs7+7zrzPvShss/b5tBDGKS+t0fQQsB8WLhdsKoGmCONr78ShTKefB6L/s4Jfq3C0bM8KQPUFVIzGD/m72wjJyEzfU6gMAqTrQM1s00JVXsROwRcjyQ1ujV5Pk5Y1n rotten@DESKTOP-UBCCKR4",
                "username": "adminuser"
              }
            ],
            "admin_username": "adminuser",
            "allow_extension_operations": true,
            "availability_set_id": "",
            "boot_diagnostics": [],
            "computer_name": "nfsServer",
            "custom_data": null,
            "dedicated_host_group_id": "",
            "dedicated_host_id": "",
            "disable_password_authentication": false,
            "edge_zone": "",
            "encryption_at_host_enabled": false,
            "eviction_policy": "",
            "extensions_time_budget": "PT1H30M",
            "id": "/subscriptions/2e40fdd6-52a1-4e7e-9f69-71600c6f7d90/resourceGroups/casoPractico2/providers/Microsoft.Compute/virtualMachines/nfsServer",
            "identity": [],
            "license_type": "",
            "location": "uksouth",
            "max_bid_price": -1,
            "name": "nfsServer",
            "network_interface_ids": [
              "/subscriptions/2e40fdd6-52a1-4e7e-9f69-71600c6f7d90/resourceGroups/casoPractico2/providers/Microsoft.Network/networkInterfaces/nfsNic"
            ],
            "os_disk": [
              {
                "caching": "ReadWrite",
                "diff_disk_settings": [],
                "disk_encryption_set_id": "",
                "disk_size_gb": 30,
                "name": "NFSDisk",
                "secure_vm_disk_encryption_set_id": "",
                "security_encryption_type": "",
                "storage_account_type": "Standard_LRS",
                "write_accelerator_enabled": false
              }
            ],
            "patch_mode": "ImageDefault",
            "plan": [
              {
                "name": "centos-8-stream-free",
                "product": "centos-8-stream-free",
                "publisher": "cognosys"
              }
            ],
            "platform_fault_domain": -1,
            "priority": "Regular",
            "private_ip_address": "10.0.1.20",
            "private_ip_addresses": [
              "10.0.1.20"
            ],
            "provision_vm_agent": true,
            "proximity_placement_group_id": "",
            "public_ip_address": "20.26.193.80",
            "public_ip_addresses": [
              "20.26.193.80"
            ],
            "resource_group_name": "casoPractico2",
            "secret": [],
            "secure_boot_enabled": false,
            "size": "Standard_F2s_v2",
            "source_image_id": "",
            "source_image_reference": [
              {
                "offer": "centos-8-stream-free",
                "publisher": "cognosys",
                "sku": "centos-8-stream-free",
                "version": "22.03.28"
              }
            ],
            "tags": null,
            "termination_notification": null,
            "timeouts": null,
            "user_data": "",
            "virtual_machine_id": "64cf9d6b-eed9-4df7-a306-dce663a5e06f",
            "virtual_machine_scale_set_id": "",
            "vtpm_enabled": false,
            "zone": ""
          },
          "sensitive_attributes": [],
          "private": "eyJlMmJmYjczMC1lY2FhLTExZTYtOGY4OC0zNDM2M2JjN2M0YzAiOnsiY3JlYXRlIjoyNzAwMDAwMDAwMDAwLCJkZWxldGUiOjI3MDAwMDAwMDAwMDAsInJlYWQiOjMwMDAwMDAwMDAwMCwidXBkYXRlIjoyNzAwMDAwMDAwMDAwfX0=",
          "dependencies": [
            "azurerm_network_interface.nfsnic",
            "azurerm_public_ip.nfsPublicIp",
            "azurerm_resource_group.rg",
            "azurerm_subnet.subnet",
            "azurerm_virtual_network.serviceNet"
          ]
        }
      ]
    },
    {
      "mode": "managed",
      "type": "azurerm_network_interface",
      "name": "masternic",
      "provider": "provider[\"registry.terraform.io/hashicorp/azurerm\"]",
      "instances": [
        {
          "schema_version": 0,
          "attributes": {
            "applied_dns_servers": [],
            "dns_servers": [],
            "edge_zone": "",
            "enable_accelerated_networking": false,
            "enable_ip_forwarding": false,
            "id": "/subscriptions/2e40fdd6-52a1-4e7e-9f69-71600c6f7d90/resourceGroups/casoPractico2/providers/Microsoft.Network/networkInterfaces/masterNIC",
            "internal_dns_name_label": "",
            "internal_domain_name_suffix": "wbdn3vqt5m0utf33dqvtzqnkha.zx.internal.cloudapp.net",
            "ip_configuration": [
              {
                "gateway_load_balancer_frontend_ip_configuration_id": "",
                "name": "internal",
                "primary": true,
                "private_ip_address": "10.0.1.30",
                "private_ip_address_allocation": "Static",
                "private_ip_address_version": "IPv4",
                "public_ip_address_id": "/subscriptions/2e40fdd6-52a1-4e7e-9f69-71600c6f7d90/resourceGroups/casoPractico2/providers/Microsoft.Network/publicIPAddresses/masterPublicIp1",
                "subnet_id": "/subscriptions/2e40fdd6-52a1-4e7e-9f69-71600c6f7d90/resourceGroups/casoPractico2/providers/Microsoft.Network/virtualNetworks/serviceNet1/subnets/subnet1"
              }
            ],
            "location": "uksouth",
            "mac_address": "",
            "name": "masterNIC",
            "private_ip_address": "10.0.1.30",
            "private_ip_addresses": [
              "10.0.1.30"
            ],
            "resource_group_name": "casoPractico2",
            "tags": null,
            "timeouts": null,
            "virtual_machine_id": ""
          },
          "sensitive_attributes": [],
          "private": "eyJlMmJmYjczMC1lY2FhLTExZTYtOGY4OC0zNDM2M2JjN2M0YzAiOnsiY3JlYXRlIjoxODAwMDAwMDAwMDAwLCJkZWxldGUiOjE4MDAwMDAwMDAwMDAsInJlYWQiOjMwMDAwMDAwMDAwMCwidXBkYXRlIjoxODAwMDAwMDAwMDAwfX0=",
          "dependencies": [
            "azurerm_public_ip.masterPublicIp",
            "azurerm_resource_group.rg",
            "azurerm_subnet.subnet",
            "azurerm_virtual_network.serviceNet"
          ]
        }
      ]
    },
    {
      "mode": "managed",
      "type": "azurerm_network_interface",
      "name": "nfsnic",
      "provider": "provider[\"registry.terraform.io/hashicorp/azurerm\"]",
      "instances": [
        {
          "schema_version": 0,
          "attributes": {
            "applied_dns_servers": [],
            "dns_servers": [],
            "edge_zone": "",
            "enable_accelerated_networking": false,
            "enable_ip_forwarding": false,
            "id": "/subscriptions/2e40fdd6-52a1-4e7e-9f69-71600c6f7d90/resourceGroups/casoPractico2/providers/Microsoft.Network/networkInterfaces/nfsNic",
            "internal_dns_name_label": "",
            "internal_domain_name_suffix": "wbdn3vqt5m0utf33dqvtzqnkha.zx.internal.cloudapp.net",
            "ip_configuration": [
              {
                "gateway_load_balancer_frontend_ip_configuration_id": "",
                "name": "internal",
                "primary": true,
                "private_ip_address": "10.0.1.20",
                "private_ip_address_allocation": "Static",
                "private_ip_address_version": "IPv4",
                "public_ip_address_id": "/subscriptions/2e40fdd6-52a1-4e7e-9f69-71600c6f7d90/resourceGroups/casoPractico2/providers/Microsoft.Network/publicIPAddresses/nfsPublicIp1",
                "subnet_id": "/subscriptions/2e40fdd6-52a1-4e7e-9f69-71600c6f7d90/resourceGroups/casoPractico2/providers/Microsoft.Network/virtualNetworks/serviceNet1/subnets/subnet1"
              }
            ],
            "location": "uksouth",
            "mac_address": "",
            "name": "nfsNic",
            "private_ip_address": "10.0.1.20",
            "private_ip_addresses": [
              "10.0.1.20"
            ],
            "resource_group_name": "casoPractico2",
            "tags": null,
            "timeouts": null,
            "virtual_machine_id": ""
          },
          "sensitive_attributes": [],
          "private": "eyJlMmJmYjczMC1lY2FhLTExZTYtOGY4OC0zNDM2M2JjN2M0YzAiOnsiY3JlYXRlIjoxODAwMDAwMDAwMDAwLCJkZWxldGUiOjE4MDAwMDAwMDAwMDAsInJlYWQiOjMwMDAwMDAwMDAwMCwidXBkYXRlIjoxODAwMDAwMDAwMDAwfX0=",
          "dependencies": [
            "azurerm_public_ip.nfsPublicIp",
            "azurerm_resource_group.rg",
            "azurerm_subnet.subnet",
            "azurerm_virtual_network.serviceNet"
          ]
        }
      ]
    },
    {
      "mode": "managed",
      "type": "azurerm_network_interface",
      "name": "nodenic",
      "provider": "provider[\"registry.terraform.io/hashicorp/azurerm\"]",
      "instances": [
        {
          "schema_version": 0,
          "attributes": {
            "applied_dns_servers": [],
            "dns_servers": [],
            "edge_zone": "",
            "enable_accelerated_networking": false,
            "enable_ip_forwarding": false,
            "id": "/subscriptions/2e40fdd6-52a1-4e7e-9f69-71600c6f7d90/resourceGroups/casoPractico2/providers/Microsoft.Network/networkInterfaces/nodeNic",
            "internal_dns_name_label": "",
            "internal_domain_name_suffix": "wbdn3vqt5m0utf33dqvtzqnkha.zx.internal.cloudapp.net",
            "ip_configuration": [
              {
                "gateway_load_balancer_frontend_ip_configuration_id": "",
                "name": "internal",
                "primary": true,
                "private_ip_address": "10.0.1.40",
                "private_ip_address_allocation": "Static",
                "private_ip_address_version": "IPv4",
                "public_ip_address_id": "/subscriptions/2e40fdd6-52a1-4e7e-9f69-71600c6f7d90/resourceGroups/casoPractico2/providers/Microsoft.Network/publicIPAddresses/nodePublicIp1",
                "subnet_id": "/subscriptions/2e40fdd6-52a1-4e7e-9f69-71600c6f7d90/resourceGroups/casoPractico2/providers/Microsoft.Network/virtualNetworks/serviceNet1/subnets/subnet1"
              }
            ],
            "location": "uksouth",
            "mac_address": "",
            "name": "nodeNic",
            "private_ip_address": "10.0.1.40",
            "private_ip_addresses": [
              "10.0.1.40"
            ],
            "resource_group_name": "casoPractico2",
            "tags": null,
            "timeouts": null,
            "virtual_machine_id": ""
          },
          "sensitive_attributes": [],
          "private": "eyJlMmJmYjczMC1lY2FhLTExZTYtOGY4OC0zNDM2M2JjN2M0YzAiOnsiY3JlYXRlIjoxODAwMDAwMDAwMDAwLCJkZWxldGUiOjE4MDAwMDAwMDAwMDAsInJlYWQiOjMwMDAwMDAwMDAwMCwidXBkYXRlIjoxODAwMDAwMDAwMDAwfX0=",
          "dependencies": [
            "azurerm_public_ip.nodePublicIp",
            "azurerm_resource_group.rg",
            "azurerm_subnet.subnet",
            "azurerm_virtual_network.serviceNet"
          ]
        }
      ]
    },
    {
      "mode": "managed",
      "type": "azurerm_network_interface_application_security_group_association",
      "name": "aniasga",
      "provider": "provider[\"registry.terraform.io/hashicorp/azurerm\"]",
      "instances": [
        {
          "schema_version": 1,
          "attributes": {
            "application_security_group_id": "/subscriptions/2e40fdd6-52a1-4e7e-9f69-71600c6f7d90/resourceGroups/casoPractico2/providers/Microsoft.Network/applicationSecurityGroups/caso2ASG",
            "id": "/subscriptions/2e40fdd6-52a1-4e7e-9f69-71600c6f7d90/resourceGroups/casoPractico2/providers/Microsoft.Network/networkInterfaces/masterNIC|/subscriptions/2e40fdd6-52a1-4e7e-9f69-71600c6f7d90/resourceGroups/casoPractico2/providers/Microsoft.Network/applicationSecurityGroups/caso2ASG",
            "network_interface_id": "/subscriptions/2e40fdd6-52a1-4e7e-9f69-71600c6f7d90/resourceGroups/casoPractico2/providers/Microsoft.Network/networkInterfaces/masterNIC",
            "timeouts": null
          },
          "sensitive_attributes": [],
          "private": "eyJlMmJmYjczMC1lY2FhLTExZTYtOGY4OC0zNDM2M2JjN2M0YzAiOnsiY3JlYXRlIjoxODAwMDAwMDAwMDAwLCJkZWxldGUiOjE4MDAwMDAwMDAwMDAsInJlYWQiOjMwMDAwMDAwMDAwMCwidXBkYXRlIjoxODAwMDAwMDAwMDAwfSwic2NoZW1hX3ZlcnNpb24iOiIxIn0=",
          "dependencies": [
            "azurerm_application_security_group.caso2asg",
            "azurerm_network_interface.masternic",
            "azurerm_public_ip.masterPublicIp",
            "azurerm_resource_group.rg",
            "azurerm_subnet.subnet",
            "azurerm_virtual_network.serviceNet"
          ]
        }
      ]
    },
    {
      "mode": "managed",
      "type": "azurerm_network_security_group",
      "name": "mynetwork",
      "provider": "provider[\"registry.terraform.io/hashicorp/azurerm\"]",
      "instances": [
        {
          "schema_version": 0,
          "attributes": {
            "id": "/subscriptions/2e40fdd6-52a1-4e7e-9f69-71600c6f7d90/resourceGroups/casoPractico2/providers/Microsoft.Network/networkSecurityGroups/casoPractico2NSG",
            "location": "uksouth",
            "name": "casoPractico2NSG",
            "resource_group_name": "casoPractico2",
            "security_rule": [
              {
                "access": "Allow",
                "description": "",
                "destination_address_prefix": "*",
                "destination_address_prefixes": [],
                "destination_application_security_group_ids": [],
                "destination_port_range": "",
                "destination_port_ranges": [
                  "10250",
                  "10251",
                  "10252",
                  "10253",
                  "10255",
                  "22",
                  "2379",
                  "2380",
                  "6443"
                ],
                "direction": "Inbound",
                "name": "ports_CASO2",
                "priority": 1000,
                "protocol": "Tcp",
                "source_address_prefix": "*",
                "source_address_prefixes": [],
                "source_application_security_group_ids": [],
                "source_port_range": "*",
                "source_port_ranges": []
              }
            ],
            "tags": {
              "environment": "caso2"
            },
            "timeouts": null
          },
          "sensitive_attributes": [],
          "private": "eyJlMmJmYjczMC1lY2FhLTExZTYtOGY4OC0zNDM2M2JjN2M0YzAiOnsiY3JlYXRlIjoxODAwMDAwMDAwMDAwLCJkZWxldGUiOjE4MDAwMDAwMDAwMDAsInJlYWQiOjMwMDAwMDAwMDAwMCwidXBkYXRlIjoxODAwMDAwMDAwMDAwfX0=",
          "dependencies": [
            "azurerm_resource_group.rg"
          ]
        }
      ]
    },
    {
      "mode": "managed",
      "type": "azurerm_public_ip",
      "name": "masterPublicIp",
      "provider": "provider[\"registry.terraform.io/hashicorp/azurerm\"]",
      "instances": [
        {
          "schema_version": 0,
          "attributes": {
            "allocation_method": "Static",
            "domain_name_label": null,
            "edge_zone": "",
            "fqdn": null,
            "id": "/subscriptions/2e40fdd6-52a1-4e7e-9f69-71600c6f7d90/resourceGroups/casoPractico2/providers/Microsoft.Network/publicIPAddresses/masterPublicIp1",
            "idle_timeout_in_minutes": 4,
            "ip_address": "20.90.79.60",
            "ip_tags": null,
            "ip_version": "IPv4",
            "location": "uksouth",
            "name": "masterPublicIp1",
            "public_ip_prefix_id": null,
            "resource_group_name": "casoPractico2",
            "reverse_fqdn": null,
            "sku": "Basic",
            "sku_tier": "Regional",
            "tags": {
              "environment": "TestCasoPractico2"
            },
            "timeouts": null,
            "zones": null
          },
          "sensitive_attributes": [],
          "private": "eyJlMmJmYjczMC1lY2FhLTExZTYtOGY4OC0zNDM2M2JjN2M0YzAiOnsiY3JlYXRlIjoxODAwMDAwMDAwMDAwLCJkZWxldGUiOjE4MDAwMDAwMDAwMDAsInJlYWQiOjMwMDAwMDAwMDAwMCwidXBkYXRlIjoxODAwMDAwMDAwMDAwfX0=",
          "dependencies": [
            "azurerm_resource_group.rg"
          ]
        }
      ]
    },
    {
      "mode": "managed",
      "type": "azurerm_public_ip",
      "name": "nfsPublicIp",
      "provider": "provider[\"registry.terraform.io/hashicorp/azurerm\"]",
      "instances": [
        {
          "schema_version": 0,
          "attributes": {
            "allocation_method": "Static",
            "domain_name_label": null,
            "edge_zone": "",
            "fqdn": null,
            "id": "/subscriptions/2e40fdd6-52a1-4e7e-9f69-71600c6f7d90/resourceGroups/casoPractico2/providers/Microsoft.Network/publicIPAddresses/nfsPublicIp1",
            "idle_timeout_in_minutes": 4,
            "ip_address": "20.26.193.80",
            "ip_tags": null,
            "ip_version": "IPv4",
            "location": "uksouth",
            "name": "nfsPublicIp1",
            "public_ip_prefix_id": null,
            "resource_group_name": "casoPractico2",
            "reverse_fqdn": null,
            "sku": "Basic",
            "sku_tier": "Regional",
            "tags": {
              "environment": "TestCasoPractico2"
            },
            "timeouts": null,
            "zones": null
          },
          "sensitive_attributes": [],
          "private": "eyJlMmJmYjczMC1lY2FhLTExZTYtOGY4OC0zNDM2M2JjN2M0YzAiOnsiY3JlYXRlIjoxODAwMDAwMDAwMDAwLCJkZWxldGUiOjE4MDAwMDAwMDAwMDAsInJlYWQiOjMwMDAwMDAwMDAwMCwidXBkYXRlIjoxODAwMDAwMDAwMDAwfX0=",
          "dependencies": [
            "azurerm_resource_group.rg"
          ]
        }
      ]
    },
    {
      "mode": "managed",
      "type": "azurerm_public_ip",
      "name": "nodePublicIp",
      "provider": "provider[\"registry.terraform.io/hashicorp/azurerm\"]",
      "instances": [
        {
          "schema_version": 0,
          "attributes": {
            "allocation_method": "Static",
            "domain_name_label": null,
            "edge_zone": "",
            "fqdn": null,
            "id": "/subscriptions/2e40fdd6-52a1-4e7e-9f69-71600c6f7d90/resourceGroups/casoPractico2/providers/Microsoft.Network/publicIPAddresses/nodePublicIp1",
            "idle_timeout_in_minutes": 4,
            "ip_address": "20.26.193.65",
            "ip_tags": null,
            "ip_version": "IPv4",
            "location": "uksouth",
            "name": "nodePublicIp1",
            "public_ip_prefix_id": null,
            "resource_group_name": "casoPractico2",
            "reverse_fqdn": null,
            "sku": "Basic",
            "sku_tier": "Regional",
            "tags": {
              "environment": "TestCasoPractico2"
            },
            "timeouts": null,
            "zones": null
          },
          "sensitive_attributes": [],
          "private": "eyJlMmJmYjczMC1lY2FhLTExZTYtOGY4OC0zNDM2M2JjN2M0YzAiOnsiY3JlYXRlIjoxODAwMDAwMDAwMDAwLCJkZWxldGUiOjE4MDAwMDAwMDAwMDAsInJlYWQiOjMwMDAwMDAwMDAwMCwidXBkYXRlIjoxODAwMDAwMDAwMDAwfX0=",
          "dependencies": [
            "azurerm_resource_group.rg"
          ]
        }
      ]
    },
    {
      "mode": "managed",
      "type": "azurerm_resource_group",
      "name": "rg",
      "provider": "provider[\"registry.terraform.io/hashicorp/azurerm\"]",
      "instances": [
        {
          "schema_version": 0,
          "attributes": {
            "id": "/subscriptions/2e40fdd6-52a1-4e7e-9f69-71600c6f7d90/resourceGroups/casoPractico2",
            "location": "uksouth",
            "name": "casoPractico2",
            "tags": null,
            "timeouts": null
          },
          "sensitive_attributes": [],
          "private": "eyJlMmJmYjczMC1lY2FhLTExZTYtOGY4OC0zNDM2M2JjN2M0YzAiOnsiY3JlYXRlIjo1NDAwMDAwMDAwMDAwLCJkZWxldGUiOjU0MDAwMDAwMDAwMDAsInJlYWQiOjMwMDAwMDAwMDAwMCwidXBkYXRlIjo1NDAwMDAwMDAwMDAwfX0="
        }
      ]
    },
    {
      "mode": "managed",
      "type": "azurerm_subnet",
      "name": "subnet",
      "provider": "provider[\"registry.terraform.io/hashicorp/azurerm\"]",
      "instances": [
        {
          "schema_version": 0,
          "attributes": {
            "address_prefixes": [
              "10.0.1.0/24"
            ],
            "delegation": [],
            "enforce_private_link_endpoint_network_policies": false,
            "enforce_private_link_service_network_policies": false,
            "id": "/subscriptions/2e40fdd6-52a1-4e7e-9f69-71600c6f7d90/resourceGroups/casoPractico2/providers/Microsoft.Network/virtualNetworks/serviceNet1/subnets/subnet1",
            "name": "subnet1",
            "resource_group_name": "casoPractico2",
            "service_endpoint_policy_ids": null,
            "service_endpoints": null,
            "timeouts": null,
            "virtual_network_name": "serviceNet1"
          },
          "sensitive_attributes": [],
          "private": "eyJlMmJmYjczMC1lY2FhLTExZTYtOGY4OC0zNDM2M2JjN2M0YzAiOnsiY3JlYXRlIjoxODAwMDAwMDAwMDAwLCJkZWxldGUiOjE4MDAwMDAwMDAwMDAsInJlYWQiOjMwMDAwMDAwMDAwMCwidXBkYXRlIjoxODAwMDAwMDAwMDAwfX0=",
          "dependencies": [
            "azurerm_resource_group.rg",
            "azurerm_virtual_network.serviceNet"
          ]
        }
      ]
    },
    {
      "mode": "managed",
      "type": "azurerm_virtual_network",
      "name": "serviceNet",
      "provider": "provider[\"registry.terraform.io/hashicorp/azurerm\"]",
      "instances": [
        {
          "schema_version": 0,
          "attributes": {
            "address_space": [
              "10.0.0.0/16"
            ],
            "bgp_community": "",
            "ddos_protection_plan": [],
            "dns_servers": [],
            "edge_zone": "",
            "flow_timeout_in_minutes": 0,
            "guid": "d6de46b0-fb13-4935-97bd-1c2b3cc1aa38",
            "id": "/subscriptions/2e40fdd6-52a1-4e7e-9f69-71600c6f7d90/resourceGroups/casoPractico2/providers/Microsoft.Network/virtualNetworks/serviceNet1",
            "location": "uksouth",
            "name": "serviceNet1",
            "resource_group_name": "casoPractico2",
            "subnet": [],
            "tags": null,
            "timeouts": null
          },
          "sensitive_attributes": [],
          "private": "eyJlMmJmYjczMC1lY2FhLTExZTYtOGY4OC0zNDM2M2JjN2M0YzAiOnsiY3JlYXRlIjoxODAwMDAwMDAwMDAwLCJkZWxldGUiOjE4MDAwMDAwMDAwMDAsInJlYWQiOjMwMDAwMDAwMDAwMCwidXBkYXRlIjoxODAwMDAwMDAwMDAwfX0=",
          "dependencies": [
            "azurerm_resource_group.rg"
          ]
        }
      ]
    }
  ]
}
